
Microsoft Visual Studio Solution File, Format Version 12.00
# Visual Studio 15
Project("{FAE04EC0-301F-11D3-BF4B-00C04F79EFBC}") = "Monday.Android", "Monday.Android\Monday.Android.csproj", "{D69224D1-23E9-406A-A1B9-8D06C3BAA67B}"
EndProject
Project("{FAE04EC0-301F-11D3-BF4B-00C04F79EFBC}") = "Monday.iOS", "Monday.iOS\Monday.iOS.csproj", "{EE34A20A-9D04-4FA4-B94D-AE0FFBC780AA}"
EndProject
Project("{FAE04EC0-301F-11D3-BF4B-00C04F79EFBC}") = "Monday", "Monday\Monday.csproj", "{42760D89-6911-4052-8208-A9E798AC452F}"
EndProject
Global
	GlobalSection(SolutionConfigurationPlatforms) = preSolution
		Debug|Any CPU = Debug|Any CPU
		Release|Any CPU = Release|Any CPU
		Debug|iPhoneSimulator = Debug|iPhoneSimulator
		Release|iPhoneSimulator = Release|iPhoneSimulator
		Debug|iPhone = Debug|iPhone
		Release|iPhone = Release|iPhone
	EndGlobalSection
	GlobalSection(ProjectConfigurationPlatforms) = postSolution
		{D69224D1-23E9-406A-A1B9-8D06C3BAA67B}.Debug|Any CPU.ActiveCfg = Debug|Any CPU
		{D69224D1-23E9-406A-A1B9-8D06C3BAA67B}.Debug|Any CPU.Build.0 = Debug|Any CPU
		{D69224D1-23E9-406A-A1B9-8D06C3BAA67B}.Release|Any CPU.ActiveCfg = Release|Any CPU
		{D69224D1-23E9-406A-A1B9-8D06C3BAA67B}.Release|Any CPU.Build.0 = Release|Any CPU
		{D69224D1-23E9-406A-A1B9-8D06C3BAA67B}.Debug|iPhoneSimulator.ActiveCfg = Debug|Any CPU
		{D69224D1-23E9-406A-A1B9-8D06C3BAA67B}.Debug|iPhoneSimulator.Build.0 = Debug|Any CPU
		{D69224D1-23E9-406A-A1B9-8D06C3BAA67B}.Release|iPhoneSimulator.ActiveCfg = Release|Any CPU
		{D69224D1-23E9-406A-A1B9-8D06C3BAA67B}.Release|iPhoneSimulator.Build.0 = Release|Any CPU
		{D69224D1-23E9-406A-A1B9-8D06C3BAA67B}.Debug|iPhone.ActiveCfg = Debug|Any CPU
		{D69224D1-23E9-406A-A1B9-8D06C3BAA67B}.Debug|iPhone.Build.0 = Debug|Any CPU
		{D69224D1-23E9-406A-A1B9-8D06C3BAA67B}.Release|iPhone.ActiveCfg = Release|Any CPU
		{D69224D1-23E9-406A-A1B9-8D06C3BAA67B}.Release|iPhone.Build.0 = Release|Any CPU
		{EE34A20A-9D04-4FA4-B94D-AE0FFBC780AA}.Debug|Any CPU.ActiveCfg = Debug|iPhoneSimulator
		{EE34A20A-9D04-4FA4-B94D-AE0FFBC780AA}.Debug|Any CPU.Build.0 = Debug|iPhoneSimulator
		{EE34A20A-9D04-4FA4-B94D-AE0FFBC780AA}.Release|Any CPU.ActiveCfg = Release|iPhoneSimulator
		{EE34A20A-9D04-4FA4-B94D-AE0FFBC780AA}.Release|Any CPU.Build.0 = Release|iPhoneSimulator
		{EE34A20A-9D04-4FA4-B94D-AE0FFBC780AA}.Debug|iPhoneSimulator.ActiveCfg = Debug|iPhoneSimulator
		{EE34A20A-9D04-4FA4-B94D-AE0FFBC780AA}.Debug|iPhoneSimulator.Build.0 = Debug|iPhoneSimulator
		{EE34A20A-9D04-4FA4-B94D-AE0FFBC780AA}.Release|iPhoneSimulator.ActiveCfg = Release|iPhoneSimulator
		{EE34A20A-9D04-4FA4-B94D-AE0FFBC780AA}.Release|iPhoneSimulator.Build.0 = Release|iPhoneSimulator
		{EE34A20A-9D04-4FA4-B94D-AE0FFBC780AA}.Debug|iPhone.ActiveCfg = Debug|iPhone
		{EE34A20A-9D04-4FA4-B94D-AE0FFBC780AA}.Debug|iPhone.Build.0 = Debug|iPhone
		{EE34A20A-9D04-4FA4-B94D-AE0FFBC780AA}.Release|iPhone.ActiveCfg = Release|iPhone
		{EE34A20A-9D04-4FA4-B94D-AE0FFBC780AA}.Release|iPhone.Build.0 = Release|iPhone
		{42760D89-6911-4052-8208-A9E798AC452F}.Debug|Any CPU.ActiveCfg = Debug|Any CPU
		{42760D89-6911-4052-8208-A9E798AC452F}.Debug|Any CPU.Build.0 = Debug|Any CPU
		{42760D89-6911-4052-8208-A9E798AC452F}.Release|Any CPU.ActiveCfg = Release|Any CPU
		{42760D89-6911-4052-8208-A9E798AC452F}.Release|Any CPU.Build.0 = Release|Any CPU
		{42760D89-6911-4052-8208-A9E798AC452F}.Debug|iPhoneSimulator.ActiveCfg = Debug|Any CPU
		{42760D89-6911-4052-8208-A9E798AC452F}.Debug|iPhoneSimulator.Build.0 = Debug|Any CPU
		{42760D89-6911-4052-8208-A9E798AC452F}.Release|iPhoneSimulator.ActiveCfg = Release|Any CPU
		{42760D89-6911-4052-8208-A9E798AC452F}.Release|iPhoneSimulator.Build.0 = Release|Any CPU
		{42760D89-6911-4052-8208-A9E798AC452F}.Debug|iPhone.ActiveCfg = Debug|Any CPU
		{42760D89-6911-4052-8208-A9E798AC452F}.Debug|iPhone.Build.0 = Debug|Any CPU
		{42760D89-6911-4052-8208-A9E798AC452F}.Release|iPhone.ActiveCfg = Release|Any CPU
		{42760D89-6911-4052-8208-A9E798AC452F}.Release|iPhone.Build.0 = Release|Any CPU
	EndGlobalSection
	GlobalSection(MonoDevelopProperties) = preSolution
		Policies = $0
		$0.DotNetNamingPolicy = $1
		$1.DirectoryNamespaceAssociation = PrefixedHierarchical
	EndGlobalSection
EndGlobal
