
Microsoft Visual Studio Solution File, Format Version 12.00
# Visual Studio Version 16
VisualStudioVersion = 16.0.31129.286
MinimumVisualStudioVersion = 10.0.40219.1
Project("{FAE04EC0-301F-11D3-BF4B-00C04F79EFBC}") = "ExpensesApp.UWP", "ExpensesApp\ExpensesApp.UWP\ExpensesApp.UWP.csproj", "{36ED92B0-4E9F-4DC9-96AC-EC972114E767}"
EndProject
Project("{FAE04EC0-301F-11D3-BF4B-00C04F79EFBC}") = "ExpensesApp.Android", "ExpensesApp\ExpensesApp.Android\ExpensesApp.Android.csproj", "{CAAE0399-485D-43DF-AE92-19041F988723}"
EndProject
Project("{FAE04EC0-301F-11D3-BF4B-00C04F79EFBC}") = "ExpensesApp.iOS", "ExpensesApp\ExpensesApp.iOS\ExpensesApp.iOS.csproj", "{635E8742-3A34-457D-B4C0-F4CF320CB2E2}"
EndProject
Project("{FAE04EC0-301F-11D3-BF4B-00C04F79EFBC}") = "ExpensesApp", "ExpensesApp\ExpensesApp\ExpensesApp.csproj", "{2E928F5A-3477-40A2-A06E-0BC15B30BAF6}"
EndProject
Global
	GlobalSection(SolutionConfigurationPlatforms) = preSolution
		Debug|Any CPU = Debug|Any CPU
		Debug|ARM = Debug|ARM
		Debug|iPhone = Debug|iPhone
		Debug|iPhoneSimulator = Debug|iPhoneSimulator
		Debug|x64 = Debug|x64
		Debug|x86 = Debug|x86
		Release|Any CPU = Release|Any CPU
		Release|ARM = Release|ARM
		Release|iPhone = Release|iPhone
		Release|iPhoneSimulator = Release|iPhoneSimulator
		Release|x64 = Release|x64
		Release|x86 = Release|x86
	EndGlobalSection
	GlobalSection(ProjectConfigurationPlatforms) = postSolution
		{36ED92B0-4E9F-4DC9-96AC-EC972114E767}.Debug|Any CPU.ActiveCfg = Debug|x86
		{36ED92B0-4E9F-4DC9-96AC-EC972114E767}.Debug|Any CPU.Build.0 = Debug|x86
		{36ED92B0-4E9F-4DC9-96AC-EC972114E767}.Debug|Any CPU.Deploy.0 = Debug|x86
		{36ED92B0-4E9F-4DC9-96AC-EC972114E767}.Debug|ARM.ActiveCfg = Debug|ARM
		{36ED92B0-4E9F-4DC9-96AC-EC972114E767}.Debug|ARM.Build.0 = Debug|ARM
		{36ED92B0-4E9F-4DC9-96AC-EC972114E767}.Debug|ARM.Deploy.0 = Debug|ARM
		{36ED92B0-4E9F-4DC9-96AC-EC972114E767}.Debug|iPhone.ActiveCfg = Debug|x86
		{36ED92B0-4E9F-4DC9-96AC-EC972114E767}.Debug|iPhone.Build.0 = Debug|x86
		{36ED92B0-4E9F-4DC9-96AC-EC972114E767}.Debug|iPhone.Deploy.0 = Debug|x86
		{36ED92B0-4E9F-4DC9-96AC-EC972114E767}.Debug|iPhoneSimulator.ActiveCfg = Debug|x86
		{36ED92B0-4E9F-4DC9-96AC-EC972114E767}.Debug|iPhoneSimulator.Build.0 = Debug|x86
		{36ED92B0-4E9F-4DC9-96AC-EC972114E767}.Debug|iPhoneSimulator.Deploy.0 = Debug|x86
		{36ED92B0-4E9F-4DC9-96AC-EC972114E767}.Debug|x64.ActiveCfg = Debug|x64
		{36ED92B0-4E9F-4DC9-96AC-EC972114E767}.Debug|x64.Build.0 = Debug|x64
		{36ED92B0-4E9F-4DC9-96AC-EC972114E767}.Debug|x64.Deploy.0 = Debug|x64
		{36ED92B0-4E9F-4DC9-96AC-EC972114E767}.Debug|x86.ActiveCfg = Debug|x86
		{36ED92B0-4E9F-4DC9-96AC-EC972114E767}.Debug|x86.Build.0 = Debug|x86
		{36ED92B0-4E9F-4DC9-96AC-EC972114E767}.Debug|x86.Deploy.0 = Debug|x86
		{36ED92B0-4E9F-4DC9-96AC-EC972114E767}.Release|Any CPU.ActiveCfg = Release|x86
		{36ED92B0-4E9F-4DC9-96AC-EC972114E767}.Release|Any CPU.Build.0 = Release|x86
		{36ED92B0-4E9F-4DC9-96AC-EC972114E767}.Release|Any CPU.Deploy.0 = Release|x86
		{36ED92B0-4E9F-4DC9-96AC-EC972114E767}.Release|ARM.ActiveCfg = Release|ARM
		{36ED92B0-4E9F-4DC9-96AC-EC972114E767}.Release|ARM.Build.0 = Release|ARM
		{36ED92B0-4E9F-4DC9-96AC-EC972114E767}.Release|ARM.Deploy.0 = Release|ARM
		{36ED92B0-4E9F-4DC9-96AC-EC972114E767}.Release|iPhone.ActiveCfg = Release|x86
		{36ED92B0-4E9F-4DC9-96AC-EC972114E767}.Release|iPhone.Build.0 = Release|x86
		{36ED92B0-4E9F-4DC9-96AC-EC972114E767}.Release|iPhone.Deploy.0 = Release|x86
		{36ED92B0-4E9F-4DC9-96AC-EC972114E767}.Release|iPhoneSimulator.ActiveCfg = Release|x86
		{36ED92B0-4E9F-4DC9-96AC-EC972114E767}.Release|iPhoneSimulator.Build.0 = Release|x86
		{36ED92B0-4E9F-4DC9-96AC-EC972114E767}.Release|iPhoneSimulator.Deploy.0 = Release|x86
		{36ED92B0-4E9F-4DC9-96AC-EC972114E767}.Release|x64.ActiveCfg = Release|x64
		{36ED92B0-4E9F-4DC9-96AC-EC972114E767}.Release|x64.Build.0 = Release|x64
		{36ED92B0-4E9F-4DC9-96AC-EC972114E767}.Release|x64.Deploy.0 = Release|x64
		{36ED92B0-4E9F-4DC9-96AC-EC972114E767}.Release|x86.ActiveCfg = Release|x86
		{36ED92B0-4E9F-4DC9-96AC-EC972114E767}.Release|x86.Build.0 = Release|x86
		{36ED92B0-4E9F-4DC9-96AC-EC972114E767}.Release|x86.Deploy.0 = Release|x86
		{CAAE0399-485D-43DF-AE92-19041F988723}.Debug|Any CPU.ActiveCfg = Debug|Any CPU
		{CAAE0399-485D-43DF-AE92-19041F988723}.Debug|Any CPU.Build.0 = Debug|Any CPU
		{CAAE0399-485D-43DF-AE92-19041F988723}.Debug|Any CPU.Deploy.0 = Debug|Any CPU
		{CAAE0399-485D-43DF-AE92-19041F988723}.Debug|ARM.ActiveCfg = Debug|Any CPU
		{CAAE0399-485D-43DF-AE92-19041F988723}.Debug|ARM.Build.0 = Debug|Any CPU
		{CAAE0399-485D-43DF-AE92-19041F988723}.Debug|ARM.Deploy.0 = Debug|Any CPU
		{CAAE0399-485D-43DF-AE92-19041F988723}.Debug|iPhone.ActiveCfg = Debug|Any CPU
		{CAAE0399-485D-43DF-AE92-19041F988723}.Debug|iPhone.Build.0 = Debug|Any CPU
		{CAAE0399-485D-43DF-AE92-19041F988723}.Debug|iPhone.Deploy.0 = Debug|Any CPU
		{CAAE0399-485D-43DF-AE92-19041F988723}.Debug|iPhoneSimulator.ActiveCfg = Debug|Any CPU
		{CAAE0399-485D-43DF-AE92-19041F988723}.Debug|iPhoneSimulator.Build.0 = Debug|Any CPU
		{CAAE0399-485D-43DF-AE92-19041F988723}.Debug|iPhoneSimulator.Deploy.0 = Debug|Any CPU
		{CAAE0399-485D-43DF-AE92-19041F988723}.Debug|x64.ActiveCfg = Debug|Any CPU
		{CAAE0399-485D-43DF-AE92-19041F988723}.Debug|x64.Build.0 = Debug|Any CPU
		{CAAE0399-485D-43DF-AE92-19041F988723}.Debug|x64.Deploy.0 = Debug|Any CPU
		{CAAE0399-485D-43DF-AE92-19041F988723}.Debug|x86.ActiveCfg = Debug|Any CPU
		{CAAE0399-485D-43DF-AE92-19041F988723}.Debug|x86.Build.0 = Debug|Any CPU
		{CAAE0399-485D-43DF-AE92-19041F988723}.Debug|x86.Deploy.0 = Debug|Any CPU
		{CAAE0399-485D-43DF-AE92-19041F988723}.Release|Any CPU.ActiveCfg = Release|Any CPU
		{CAAE0399-485D-43DF-AE92-19041F988723}.Release|Any CPU.Build.0 = Release|Any CPU
		{CAAE0399-485D-43DF-AE92-19041F988723}.Release|Any CPU.Deploy.0 = Release|Any CPU
		{CAAE0399-485D-43DF-AE92-19041F988723}.Release|ARM.ActiveCfg = Release|Any CPU
		{CAAE0399-485D-43DF-AE92-19041F988723}.Release|ARM.Build.0 = Release|Any CPU
		{CAAE0399-485D-43DF-AE92-19041F988723}.Release|ARM.Deploy.0 = Release|Any CPU
		{CAAE0399-485D-43DF-AE92-19041F988723}.Release|iPhone.ActiveCfg = Release|Any CPU
		{CAAE0399-485D-43DF-AE92-19041F988723}.Release|iPhone.Build.0 = Release|Any CPU
		{CAAE0399-485D-43DF-AE92-19041F988723}.Release|iPhone.Deploy.0 = Release|Any CPU
		{CAAE0399-485D-43DF-AE92-19041F988723}.Release|iPhoneSimulator.ActiveCfg = Release|Any CPU
		{CAAE0399-485D-43DF-AE92-19041F988723}.Release|iPhoneSimulator.Build.0 = Release|Any CPU
		{CAAE0399-485D-43DF-AE92-19041F988723}.Release|iPhoneSimulator.Deploy.0 = Release|Any CPU
		{CAAE0399-485D-43DF-AE92-19041F988723}.Release|x64.ActiveCfg = Release|Any CPU
		{CAAE0399-485D-43DF-AE92-19041F988723}.Release|x64.Build.0 = Release|Any CPU
		{CAAE0399-485D-43DF-AE92-19041F988723}.Release|x64.Deploy.0 = Release|Any CPU
		{CAAE0399-485D-43DF-AE92-19041F988723}.Release|x86.ActiveCfg = Release|Any CPU
		{CAAE0399-485D-43DF-AE92-19041F988723}.Release|x86.Build.0 = Release|Any CPU
		{CAAE0399-485D-43DF-AE92-19041F988723}.Release|x86.Deploy.0 = Release|Any CPU
		{635E8742-3A34-457D-B4C0-F4CF320CB2E2}.Debug|Any CPU.ActiveCfg = Debug|iPhoneSimulator
		{635E8742-3A34-457D-B4C0-F4CF320CB2E2}.Debug|Any CPU.Build.0 = Debug|iPhoneSimulator
		{635E8742-3A34-457D-B4C0-F4CF320CB2E2}.Debug|Any CPU.Deploy.0 = Debug|iPhoneSimulator
		{635E8742-3A34-457D-B4C0-F4CF320CB2E2}.Debug|ARM.ActiveCfg = Debug|iPhone
		{635E8742-3A34-457D-B4C0-F4CF320CB2E2}.Debug|ARM.Build.0 = Debug|iPhone
		{635E8742-3A34-457D-B4C0-F4CF320CB2E2}.Debug|ARM.Deploy.0 = Debug|iPhone
		{635E8742-3A34-457D-B4C0-F4CF320CB2E2}.Debug|iPhone.ActiveCfg = Debug|iPhone
		{635E8742-3A34-457D-B4C0-F4CF320CB2E2}.Debug|iPhone.Build.0 = Debug|iPhone
		{635E8742-3A34-457D-B4C0-F4CF320CB2E2}.Debug|iPhone.Deploy.0 = Debug|iPhone
		{635E8742-3A34-457D-B4C0-F4CF320CB2E2}.Debug|iPhoneSimulator.ActiveCfg = Debug|iPhoneSimulator
		{635E8742-3A34-457D-B4C0-F4CF320CB2E2}.Debug|iPhoneSimulator.Build.0 = Debug|iPhoneSimulator
		{635E8742-3A34-457D-B4C0-F4CF320CB2E2}.Debug|iPhoneSimulator.Deploy.0 = Debug|iPhoneSimulator
		{635E8742-3A34-457D-B4C0-F4CF320CB2E2}.Debug|x64.ActiveCfg = Debug|iPhoneSimulator
		{635E8742-3A34-457D-B4C0-F4CF320CB2E2}.Debug|x64.Build.0 = Debug|iPhoneSimulator
		{635E8742-3A34-457D-B4C0-F4CF320CB2E2}.Debug|x64.Deploy.0 = Debug|iPhoneSimulator
		{635E8742-3A34-457D-B4C0-F4CF320CB2E2}.Debug|x86.ActiveCfg = Debug|iPhoneSimulator
		{635E8742-3A34-457D-B4C0-F4CF320CB2E2}.Debug|x86.Build.0 = Debug|iPhoneSimulator
		{635E8742-3A34-457D-B4C0-F4CF320CB2E2}.Debug|x86.Deploy.0 = Debug|iPhoneSimulator
		{635E8742-3A34-457D-B4C0-F4CF320CB2E2}.Release|Any CPU.ActiveCfg = Release|iPhoneSimulator
		{635E8742-3A34-457D-B4C0-F4CF320CB2E2}.Release|Any CPU.Build.0 = Release|iPhoneSimulator
		{635E8742-3A34-457D-B4C0-F4CF320CB2E2}.Release|Any CPU.Deploy.0 = Release|iPhoneSimulator
		{635E8742-3A34-457D-B4C0-F4CF320CB2E2}.Release|ARM.ActiveCfg = Release|iPhoneSimulator
		{635E8742-3A34-457D-B4C0-F4CF320CB2E2}.Release|ARM.Build.0 = Release|iPhoneSimulator
		{635E8742-3A34-457D-B4C0-F4CF320CB2E2}.Release|ARM.Deploy.0 = Release|iPhoneSimulator
		{635E8742-3A34-457D-B4C0-F4CF320CB2E2}.Release|iPhone.ActiveCfg = Release|iPhone
		{635E8742-3A34-457D-B4C0-F4CF320CB2E2}.Release|iPhone.Build.0 = Release|iPhone
		{635E8742-3A34-457D-B4C0-F4CF320CB2E2}.Release|iPhone.Deploy.0 = Release|iPhone
		{635E8742-3A34-457D-B4C0-F4CF320CB2E2}.Release|iPhoneSimulator.ActiveCfg = Release|iPhoneSimulator
		{635E8742-3A34-457D-B4C0-F4CF320CB2E2}.Release|iPhoneSimulator.Build.0 = Release|iPhoneSimulator
		{635E8742-3A34-457D-B4C0-F4CF320CB2E2}.Release|iPhoneSimulator.Deploy.0 = Release|iPhoneSimulator
		{635E8742-3A34-457D-B4C0-F4CF320CB2E2}.Release|x64.ActiveCfg = Release|iPhoneSimulator
		{635E8742-3A34-457D-B4C0-F4CF320CB2E2}.Release|x64.Build.0 = Release|iPhoneSimulator
		{635E8742-3A34-457D-B4C0-F4CF320CB2E2}.Release|x64.Deploy.0 = Release|iPhoneSimulator
		{635E8742-3A34-457D-B4C0-F4CF320CB2E2}.Release|x86.ActiveCfg = Release|iPhoneSimulator
		{635E8742-3A34-457D-B4C0-F4CF320CB2E2}.Release|x86.Build.0 = Release|iPhoneSimulator
		{635E8742-3A34-457D-B4C0-F4CF320CB2E2}.Release|x86.Deploy.0 = Release|iPhoneSimulator
		{2E928F5A-3477-40A2-A06E-0BC15B30BAF6}.Debug|Any CPU.ActiveCfg = Debug|Any CPU
		{2E928F5A-3477-40A2-A06E-0BC15B30BAF6}.Debug|Any CPU.Build.0 = Debug|Any CPU
		{2E928F5A-3477-40A2-A06E-0BC15B30BAF6}.Debug|Any CPU.Deploy.0 = Debug|Any CPU
		{2E928F5A-3477-40A2-A06E-0BC15B30BAF6}.Debug|ARM.ActiveCfg = Debug|Any CPU
		{2E928F5A-3477-40A2-A06E-0BC15B30BAF6}.Debug|ARM.Build.0 = Debug|Any CPU
		{2E928F5A-3477-40A2-A06E-0BC15B30BAF6}.Debug|ARM.Deploy.0 = Debug|Any CPU
		{2E928F5A-3477-40A2-A06E-0BC15B30BAF6}.Debug|iPhone.ActiveCfg = Debug|Any CPU
		{2E928F5A-3477-40A2-A06E-0BC15B30BAF6}.Debug|iPhone.Build.0 = Debug|Any CPU
		{2E928F5A-3477-40A2-A06E-0BC15B30BAF6}.Debug|iPhone.Deploy.0 = Debug|Any CPU
		{2E928F5A-3477-40A2-A06E-0BC15B30BAF6}.Debug|iPhoneSimulator.ActiveCfg = Debug|Any CPU
		{2E928F5A-3477-40A2-A06E-0BC15B30BAF6}.Debug|iPhoneSimulator.Build.0 = Debug|Any CPU
		{2E928F5A-3477-40A2-A06E-0BC15B30BAF6}.Debug|iPhoneSimulator.Deploy.0 = Debug|Any CPU
		{2E928F5A-3477-40A2-A06E-0BC15B30BAF6}.Debug|x64.ActiveCfg = Debug|Any CPU
		{2E928F5A-3477-40A2-A06E-0BC15B30BAF6}.Debug|x64.Build.0 = Debug|Any CPU
		{2E928F5A-3477-40A2-A06E-0BC15B30BAF6}.Debug|x64.Deploy.0 = Debug|Any CPU
		{2E928F5A-3477-40A2-A06E-0BC15B30BAF6}.Debug|x86.ActiveCfg = Debug|Any CPU
		{2E928F5A-3477-40A2-A06E-0BC15B30BAF6}.Debug|x86.Build.0 = Debug|Any CPU
		{2E928F5A-3477-40A2-A06E-0BC15B30BAF6}.Debug|x86.Deploy.0 = Debug|Any CPU
		{2E928F5A-3477-40A2-A06E-0BC15B30BAF6}.Release|Any CPU.ActiveCfg = Release|Any CPU
		{2E928F5A-3477-40A2-A06E-0BC15B30BAF6}.Release|Any CPU.Build.0 = Release|Any CPU
		{2E928F5A-3477-40A2-A06E-0BC15B30BAF6}.Release|Any CPU.Deploy.0 = Release|Any CPU
		{2E928F5A-3477-40A2-A06E-0BC15B30BAF6}.Release|ARM.ActiveCfg = Release|Any CPU
		{2E928F5A-3477-40A2-A06E-0BC15B30BAF6}.Release|ARM.Build.0 = Release|Any CPU
		{2E928F5A-3477-40A2-A06E-0BC15B30BAF6}.Release|ARM.Deploy.0 = Release|Any CPU
		{2E928F5A-3477-40A2-A06E-0BC15B30BAF6}.Release|iPhone.ActiveCfg = Release|Any CPU
		{2E928F5A-3477-40A2-A06E-0BC15B30BAF6}.Release|iPhone.Build.0 = Release|Any CPU
		{2E928F5A-3477-40A2-A06E-0BC15B30BAF6}.Release|iPhone.Deploy.0 = Release|Any CPU
		{2E928F5A-3477-40A2-A06E-0BC15B30BAF6}.Release|iPhoneSimulator.ActiveCfg = Release|Any CPU
		{2E928F5A-3477-40A2-A06E-0BC15B30BAF6}.Release|iPhoneSimulator.Build.0 = Release|Any CPU
		{2E928F5A-3477-40A2-A06E-0BC15B30BAF6}.Release|iPhoneSimulator.Deploy.0 = Release|Any CPU
		{2E928F5A-3477-40A2-A06E-0BC15B30BAF6}.Release|x64.ActiveCfg = Release|Any CPU
		{2E928F5A-3477-40A2-A06E-0BC15B30BAF6}.Release|x64.Build.0 = Release|Any CPU
		{2E928F5A-3477-40A2-A06E-0BC15B30BAF6}.Release|x64.Deploy.0 = Release|Any CPU
		{2E928F5A-3477-40A2-A06E-0BC15B30BAF6}.Release|x86.ActiveCfg = Release|Any CPU
		{2E928F5A-3477-40A2-A06E-0BC15B30BAF6}.Release|x86.Build.0 = Release|Any CPU
		{2E928F5A-3477-40A2-A06E-0BC15B30BAF6}.Release|x86.Deploy.0 = Release|Any CPU
	EndGlobalSection
	GlobalSection(SolutionProperties) = preSolution
		HideSolutionNode = FALSE
	EndGlobalSection
	GlobalSection(ExtensibilityGlobals) = postSolution
		SolutionGuid = {CFD96C95-57F0-462D-ABE2-252803A6D00B}
	EndGlobalSection
EndGlobal
